
Microsoft Visual Studio Solution File, Format Version 12.00
# Visual Studio Version 17
VisualStudioVersion = 17.14.36203.30 d17.14
MinimumVisualStudioVersion = 10.0.40219.1
Project("{FAE04EC0-301F-11D3-BF4B-00C04F79EFBC}") = "raylib-in-csharp", "raylib-in-csharp.csproj", "{14DFA051-C17E-58CD-A20B-56A95FAD5331}"
EndProject
Project("{FAE04EC0-301F-11D3-BF4B-00C04F79EFBC}") = "Raylib-cs", "..\raylib-cs\Raylib-cs\Raylib-cs.csproj", "{0FEE9345-45D8-48BF-690B-E4449222D11A}"
EndProject
Global
	GlobalSection(SolutionConfigurationPlatforms) = preSolution
		Debug|Any CPU = Debug|Any CPU
		Release|Any CPU = Release|Any CPU
	EndGlobalSection
	GlobalSection(ProjectConfigurationPlatforms) = postSolution
		{14DFA051-C17E-58CD-A20B-56A95FAD5331}.Debug|Any CPU.ActiveCfg = Debug|Any CPU
		{14DFA051-C17E-58CD-A20B-56A95FAD5331}.Debug|Any CPU.Build.0 = Debug|Any CPU
		{14DFA051-C17E-58CD-A20B-56A95FAD5331}.Release|Any CPU.ActiveCfg = Release|Any CPU
		{14DFA051-C17E-58CD-A20B-56A95FAD5331}.Release|Any CPU.Build.0 = Release|Any CPU
		{0FEE9345-45D8-48BF-690B-E4449222D11A}.Debug|Any CPU.ActiveCfg = Debug|Any CPU
		{0FEE9345-45D8-48BF-690B-E4449222D11A}.Debug|Any CPU.Build.0 = Debug|Any CPU
		{0FEE9345-45D8-48BF-690B-E4449222D11A}.Release|Any CPU.ActiveCfg = Release|Any CPU
		{0FEE9345-45D8-48BF-690B-E4449222D11A}.Release|Any CPU.Build.0 = Release|Any CPU
	EndGlobalSection
	GlobalSection(SolutionProperties) = preSolution
		HideSolutionNode = FALSE
	EndGlobalSection
	GlobalSection(ExtensibilityGlobals) = postSolution
		SolutionGuid = {0F875BC7-63E7-4DF1-9DF1-AEA45FA0B2F4}
	EndGlobalSection
EndGlobal
